
Microsoft Visual Studio Solution File, Format Version 12.00
# Visual Studio 2013
VisualStudioVersion = 12.0.40629.0
MinimumVisualStudioVersion = 10.0.40219.1
Project("{FAE04EC0-301F-11D3-BF4B-00C04F79EFBC}") = "QJW", "QJW\QJW.csproj", "{648D32E3-7976-49CD-B3D0-82425F9FA9D1}"
EndProject
Project("{FAE04EC0-301F-11D3-BF4B-00C04F79EFBC}") = "QJW.Test", "QJW.Test\QJW.Test.csproj", "{3999F7F6-6B32-4D5A-9FFA-0C00EE1D95E1}"
EndProject
Project("{FAE04EC0-301F-11D3-BF4B-00C04F79EFBC}") = "QJW.MVC4", "QJW.MVC4\QJW.MVC4.csproj", "{6D8574A0-95EF-4315-ADE9-056D38F6AB63}"
EndProject
Project("{FAE04EC0-301F-11D3-BF4B-00C04F79EFBC}") = "DB.chinacfoclub", "DB.chinacfoclub\DB.chinacfoclub.csproj", "{3130E81E-56E2-4C87-B4A7-061367B2F7A9}"
EndProject
Project("{FAE04EC0-301F-11D3-BF4B-00C04F79EFBC}") = "CYQ.Data", "..\cyqdata\CYQ.Data.csproj", "{1B2FA92C-3892-428C-84ED-4CE1D27A89A8}"
EndProject
Global
	GlobalSection(SolutionConfigurationPlatforms) = preSolution
		Debug|Any CPU = Debug|Any CPU
		Release|Any CPU = Release|Any CPU
	EndGlobalSection
	GlobalSection(ProjectConfigurationPlatforms) = postSolution
		{648D32E3-7976-49CD-B3D0-82425F9FA9D1}.Debug|Any CPU.ActiveCfg = Debug|Any CPU
		{648D32E3-7976-49CD-B3D0-82425F9FA9D1}.Debug|Any CPU.Build.0 = Debug|Any CPU
		{648D32E3-7976-49CD-B3D0-82425F9FA9D1}.Release|Any CPU.ActiveCfg = Release|Any CPU
		{648D32E3-7976-49CD-B3D0-82425F9FA9D1}.Release|Any CPU.Build.0 = Release|Any CPU
		{3999F7F6-6B32-4D5A-9FFA-0C00EE1D95E1}.Debug|Any CPU.ActiveCfg = Debug|Any CPU
		{3999F7F6-6B32-4D5A-9FFA-0C00EE1D95E1}.Debug|Any CPU.Build.0 = Debug|Any CPU
		{3999F7F6-6B32-4D5A-9FFA-0C00EE1D95E1}.Release|Any CPU.ActiveCfg = Release|Any CPU
		{3999F7F6-6B32-4D5A-9FFA-0C00EE1D95E1}.Release|Any CPU.Build.0 = Release|Any CPU
		{6D8574A0-95EF-4315-ADE9-056D38F6AB63}.Debug|Any CPU.ActiveCfg = Debug|Any CPU
		{6D8574A0-95EF-4315-ADE9-056D38F6AB63}.Debug|Any CPU.Build.0 = Debug|Any CPU
		{6D8574A0-95EF-4315-ADE9-056D38F6AB63}.Release|Any CPU.ActiveCfg = Release|Any CPU
		{6D8574A0-95EF-4315-ADE9-056D38F6AB63}.Release|Any CPU.Build.0 = Release|Any CPU
		{3130E81E-56E2-4C87-B4A7-061367B2F7A9}.Debug|Any CPU.ActiveCfg = Debug|Any CPU
		{3130E81E-56E2-4C87-B4A7-061367B2F7A9}.Debug|Any CPU.Build.0 = Debug|Any CPU
		{3130E81E-56E2-4C87-B4A7-061367B2F7A9}.Release|Any CPU.ActiveCfg = Release|Any CPU
		{3130E81E-56E2-4C87-B4A7-061367B2F7A9}.Release|Any CPU.Build.0 = Release|Any CPU
		{1B2FA92C-3892-428C-84ED-4CE1D27A89A8}.Debug|Any CPU.ActiveCfg = Debug|Any CPU
		{1B2FA92C-3892-428C-84ED-4CE1D27A89A8}.Debug|Any CPU.Build.0 = Debug|Any CPU
		{1B2FA92C-3892-428C-84ED-4CE1D27A89A8}.Release|Any CPU.ActiveCfg = Release|Any CPU
		{1B2FA92C-3892-428C-84ED-4CE1D27A89A8}.Release|Any CPU.Build.0 = Release|Any CPU
	EndGlobalSection
	GlobalSection(SolutionProperties) = preSolution
		HideSolutionNode = FALSE
	EndGlobalSection
EndGlobal
